
Microsoft Visual Studio Solution File, Format Version 12.00
# Visual Studio Version 16
VisualStudioVersion = 16.0.31729.503
MinimumVisualStudioVersion = 10.0.40219.1
Project("{888888A0-9F3D-457C-B088-3A5042F75D52}") = "SimulationFirstCourse", "SimulationFirstCourse\SimulationFirstCourse.pyproj", "{FE79EB23-FA46-4516-B068-439EE793DCA0}"
EndProject
Global
	GlobalSection(SolutionConfigurationPlatforms) = preSolution
		Debug|Any CPU = Debug|Any CPU
		Release|Any CPU = Release|Any CPU
	EndGlobalSection
	GlobalSection(ProjectConfigurationPlatforms) = postSolution
		{FE79EB23-FA46-4516-B068-439EE793DCA0}.Debug|Any CPU.ActiveCfg = Debug|Any CPU
		{FE79EB23-FA46-4516-B068-439EE793DCA0}.Release|Any CPU.ActiveCfg = Release|Any CPU
	EndGlobalSection
	GlobalSection(SolutionProperties) = preSolution
		HideSolutionNode = FALSE
	EndGlobalSection
	GlobalSection(ExtensibilityGlobals) = postSolution
		SolutionGuid = {82EEFBF8-11D5-4C59-A9ED-17B7CE0C1B0D}
	EndGlobalSection
EndGlobal
